
Microsoft Visual Studio Solution File, Format Version 12.00
# Visual Studio Version 17
VisualStudioVersion = 17.10.35027.167
MinimumVisualStudioVersion = 10.0.40219.1
Project("{9A19103F-16F7-4668-BE54-9A1E7A4F7556}") = "Backend-API", "Backend-API.csproj", "{2714B021-FC04-4716-817B-BFEB2D65F78B}"
EndProject
Project("{FAE04EC0-301F-11D3-BF4B-00C04F79EFBC}") = "Backend-API.Tests", "..\Backend-API.Tests\Backend-API.Tests.csproj", "{63CD732E-A889-412D-9BE9-68A0441C0257}"
EndProject
Global
	GlobalSection(SolutionConfigurationPlatforms) = preSolution
		Debug|Any CPU = Debug|Any CPU
		Release|Any CPU = Release|Any CPU
	EndGlobalSection
	GlobalSection(ProjectConfigurationPlatforms) = postSolution
		{2714B021-FC04-4716-817B-BFEB2D65F78B}.Debug|Any CPU.ActiveCfg = Debug|Any CPU
		{2714B021-FC04-4716-817B-BFEB2D65F78B}.Debug|Any CPU.Build.0 = Debug|Any CPU
		{2714B021-FC04-4716-817B-BFEB2D65F78B}.Release|Any CPU.ActiveCfg = Release|Any CPU
		{2714B021-FC04-4716-817B-BFEB2D65F78B}.Release|Any CPU.Build.0 = Release|Any CPU
		{63CD732E-A889-412D-9BE9-68A0441C0257}.Debug|Any CPU.ActiveCfg = Debug|Any CPU
		{63CD732E-A889-412D-9BE9-68A0441C0257}.Debug|Any CPU.Build.0 = Debug|Any CPU
		{63CD732E-A889-412D-9BE9-68A0441C0257}.Release|Any CPU.ActiveCfg = Release|Any CPU
		{63CD732E-A889-412D-9BE9-68A0441C0257}.Release|Any CPU.Build.0 = Release|Any CPU
	EndGlobalSection
	GlobalSection(SolutionProperties) = preSolution
		HideSolutionNode = FALSE
	EndGlobalSection
	GlobalSection(ExtensibilityGlobals) = postSolution
		SolutionGuid = {BF3BAE20-51A3-4A83-9301-6EE3F9000979}
	EndGlobalSection
EndGlobal
